
Microsoft Visual Studio Solution File, Format Version 12.00
Project("{FAE04EC0-301F-11D3-BF4B-00C04F79EFBC}") = "AoC22.Runner", "AoC22.Runner\AoC22.Runner.csproj", "{DA6FA895-5227-4BE9-89BB-45D22C0484F2}"
EndProject
Project("{FAE04EC0-301F-11D3-BF4B-00C04F79EFBC}") = "AoC22.Solutions", "AoC22.Solutions\AoC22.Solutions.csproj", "{5A6A9B61-D9AB-422F-BCA4-E62A5ABD43AF}"
EndProject
Project("{FAE04EC0-301F-11D3-BF4B-00C04F79EFBC}") = "AoC22.Tests", "AoC22.Tests\AoC22.Tests.csproj", "{6FE9BE00-B023-45BA-BAEB-E2F8C417318E}"
EndProject
Global
	GlobalSection(SolutionConfigurationPlatforms) = preSolution
		Debug|Any CPU = Debug|Any CPU
		Release|Any CPU = Release|Any CPU
	EndGlobalSection
	GlobalSection(ProjectConfigurationPlatforms) = postSolution
		{DA6FA895-5227-4BE9-89BB-45D22C0484F2}.Debug|Any CPU.ActiveCfg = Debug|Any CPU
		{DA6FA895-5227-4BE9-89BB-45D22C0484F2}.Debug|Any CPU.Build.0 = Debug|Any CPU
		{DA6FA895-5227-4BE9-89BB-45D22C0484F2}.Release|Any CPU.ActiveCfg = Release|Any CPU
		{DA6FA895-5227-4BE9-89BB-45D22C0484F2}.Release|Any CPU.Build.0 = Release|Any CPU
		{5A6A9B61-D9AB-422F-BCA4-E62A5ABD43AF}.Debug|Any CPU.ActiveCfg = Debug|Any CPU
		{5A6A9B61-D9AB-422F-BCA4-E62A5ABD43AF}.Debug|Any CPU.Build.0 = Debug|Any CPU
		{5A6A9B61-D9AB-422F-BCA4-E62A5ABD43AF}.Release|Any CPU.ActiveCfg = Release|Any CPU
		{5A6A9B61-D9AB-422F-BCA4-E62A5ABD43AF}.Release|Any CPU.Build.0 = Release|Any CPU
		{6FE9BE00-B023-45BA-BAEB-E2F8C417318E}.Debug|Any CPU.ActiveCfg = Debug|Any CPU
		{6FE9BE00-B023-45BA-BAEB-E2F8C417318E}.Debug|Any CPU.Build.0 = Debug|Any CPU
		{6FE9BE00-B023-45BA-BAEB-E2F8C417318E}.Release|Any CPU.ActiveCfg = Release|Any CPU
		{6FE9BE00-B023-45BA-BAEB-E2F8C417318E}.Release|Any CPU.Build.0 = Release|Any CPU
	EndGlobalSection
	GlobalSection(NestedProjects) = preSolution
	EndGlobalSection
EndGlobal
